
Microsoft Visual Studio Solution File, Format Version 12.00
# Visual Studio Version 17
VisualStudioVersion = 17.11.35222.181
MinimumVisualStudioVersion = 10.0.40219.1
Project("{FAE04EC0-301F-11D3-BF4B-00C04F79EFBC}") = "SchoolManagementApp", "SchoolManagementApp\SchoolManagementApp.csproj", "{51FCA8F5-AE07-4744-9801-EB23EC923C71}"
EndProject
Global
	GlobalSection(SolutionConfigurationPlatforms) = preSolution
		Debug|Any CPU = Debug|Any CPU
		Release|Any CPU = Release|Any CPU
	EndGlobalSection
	GlobalSection(ProjectConfigurationPlatforms) = postSolution
		{51FCA8F5-AE07-4744-9801-EB23EC923C71}.Debug|Any CPU.ActiveCfg = Debug|Any CPU
		{51FCA8F5-AE07-4744-9801-EB23EC923C71}.Debug|Any CPU.Build.0 = Debug|Any CPU
		{51FCA8F5-AE07-4744-9801-EB23EC923C71}.Release|Any CPU.ActiveCfg = Release|Any CPU
		{51FCA8F5-AE07-4744-9801-EB23EC923C71}.Release|Any CPU.Build.0 = Release|Any CPU
	EndGlobalSection
	GlobalSection(SolutionProperties) = preSolution
		HideSolutionNode = FALSE
	EndGlobalSection
	GlobalSection(ExtensibilityGlobals) = postSolution
		SolutionGuid = {5A7E8850-67AB-4C5F-AA6E-3FB6126AD59B}
	EndGlobalSection
EndGlobal
